
Microsoft Visual Studio Solution File, Format Version 12.00
# Visual Studio 14
VisualStudioVersion = 14.0.25420.1
MinimumVisualStudioVersion = 10.0.40219.1
Project("{FAE04EC0-301F-11D3-BF4B-00C04F79EFBC}") = "BisConnectivityServices", "BisConnectivityServices.csproj", "{AB570BFC-E164-4195-9936-484F239FEF31}"
EndProject
Global
	GlobalSection(SolutionConfigurationPlatforms) = preSolution
		Debug|Any CPU = Debug|Any CPU
		Release|Any CPU = Release|Any CPU
	EndGlobalSection
	GlobalSection(ProjectConfigurationPlatforms) = postSolution
		{AB570BFC-E164-4195-9936-484F239FEF31}.Debug|Any CPU.ActiveCfg = Debug|Any CPU
		{AB570BFC-E164-4195-9936-484F239FEF31}.Debug|Any CPU.Build.0 = Debug|Any CPU
		{AB570BFC-E164-4195-9936-484F239FEF31}.Release|Any CPU.ActiveCfg = Release|Any CPU
		{AB570BFC-E164-4195-9936-484F239FEF31}.Release|Any CPU.Build.0 = Release|Any CPU
	EndGlobalSection
	GlobalSection(SolutionProperties) = preSolution
		HideSolutionNode = FALSE
	EndGlobalSection
	GlobalSection(TeamFoundationVersionControl) = preSolution
		SccNumberOfProjects = 1
		SccEnterpriseProvider = {4CA58AB2-18FA-4F8D-95D4-32DDF27D184C}
		SccTeamFoundationServer = https://to-increase.visualstudio.com/defaultcollection
		SccProjectUniqueName0 = BisConnectivityServices.csproj
		SccProjectName0 = .
		SccAuxPath0 = https://to-increase.visualstudio.com/defaultcollection
		SccLocalPath0 = .
		SccProvider0 = {4CA58AB2-18FA-4F8D-95D4-32DDF27D184C}
	EndGlobalSection
EndGlobal
